// !$*UTF8*$!
{
	archiveVersion = 1;
	classes = {
	};
	objectVersion = 50;
	objects = {

/* Begin PBXBuildFile section */
		D641B7ED22923FCA00709DF9 /* AppDelegate.swift in Sources */ = {isa = PBXBuildFile; fileRef = D641B7EC22923FCA00709DF9 /* AppDelegate.swift */; };
		D641B7EF22923FCA00709DF9 /* CalendarViewController.swift in Sources */ = {isa = PBXBuildFile; fileRef = D641B7EE22923FCA00709DF9 /* CalendarViewController.swift */; };
		D641B7F222923FCA00709DF9 /* Main.storyboard in Resources */ = {isa = PBXBuildFile; fileRef = D641B7F022923FCA00709DF9 /* Main.storyboard */; };
		D641B7F422923FCC00709DF9 /* Assets.xcassets in Resources */ = {isa = PBXBuildFile; fileRef = D641B7F322923FCC00709DF9 /* Assets.xcassets */; };
		D641B7F722923FCC00709DF9 /* LaunchScreen.storyboard in Resources */ = {isa = PBXBuildFile; fileRef = D641B7F522923FCC00709DF9 /* LaunchScreen.storyboard */; };
		D641B80222923FCC00709DF9 /* CalenderTests.swift in Sources */ = {isa = PBXBuildFile; fileRef = D641B80122923FCC00709DF9 /* CalenderTests.swift */; };
		D641B80D2292497200709DF9 /* CalendarDateCell.swift in Sources */ = {isa = PBXBuildFile; fileRef = D641B80C2292497200709DF9 /* CalendarDateCell.swift */; };
		D68FD07822928CA20078E4BE /* CalendarDisplay.swift in Sources */ = {isa = PBXBuildFile; fileRef = D68FD07722928CA20078E4BE /* CalendarDisplay.swift */; };
		D68FD07A2292A8F30078E4BE /* TimeSectionViewController.swift in Sources */ = {isa = PBXBuildFile; fileRef = D68FD0792292A8F30078E4BE /* TimeSectionViewController.swift */; };
		D68FD07C2293930B0078E4BE /* TimeSectionCell.swift in Sources */ = {isa = PBXBuildFile; fileRef = D68FD07B2293930A0078E4BE /* TimeSectionCell.swift */; };
		D68FD07E229394070078E4BE /* extension.swift in Sources */ = {isa = PBXBuildFile; fileRef = D68FD07D229394070078E4BE /* extension.swift */; };
/* End PBXBuildFile section */

/* Begin PBXContainerItemProxy section */
		D641B7FE22923FCC00709DF9 /* PBXContainerItemProxy */ = {
			isa = PBXContainerItemProxy;
			containerPortal = D641B7E122923FCA00709DF9 /* Project object */;
			proxyType = 1;
			remoteGlobalIDString = D641B7E822923FCA00709DF9;
			remoteInfo = Calender;
		};
/* End PBXContainerItemProxy section */

/* Begin PBXFileReference section */
		D641B7E922923FCA00709DF9 /* Calender.app */ = {isa = PBXFileReference; explicitFileType = wrapper.application; includeInIndex = 0; path = Calender.app; sourceTree = BUILT_PRODUCTS_DIR; };
		D641B7EC22923FCA00709DF9 /* AppDelegate.swift */ = {isa = PBXFileReference; lastKnownFileType = sourcecode.swift; path = AppDelegate.swift; sourceTree = "<group>"; };
		D641B7EE22923FCA00709DF9 /* CalendarViewController.swift */ = {isa = PBXFileReference; lastKnownFileType = sourcecode.swift; path = CalendarViewController.swift; sourceTree = "<group>"; };
		D641B7F122923FCA00709DF9 /* Base */ = {isa = PBXFileReference; lastKnownFileType = file.storyboard; name = Base; path = Base.lproj/Main.storyboard; sourceTree = "<group>"; };
		D641B7F322923FCC00709DF9 /* Assets.xcassets */ = {isa = PBXFileReference; lastKnownFileType = folder.assetcatalog; path = Assets.xcassets; sourceTree = "<group>"; };
		D641B7F622923FCC00709DF9 /* Base */ = {isa = PBXFileReference; lastKnownFileType = file.storyboard; name = Base; path = Base.lproj/LaunchScreen.storyboard; sourceTree = "<group>"; };
		D641B7F822923FCC00709DF9 /* Info.plist */ = {isa = PBXFileReference; lastKnownFileType = text.plist.xml; path = Info.plist; sourceTree = "<group>"; };
		D641B7FD22923FCC00709DF9 /* CalenderTests.xctest */ = {isa = PBXFileReference; explicitFileType = wrapper.cfbundle; includeInIndex = 0; path = CalenderTests.xctest; sourceTree = BUILT_PRODUCTS_DIR; };
		D641B80122923FCC00709DF9 /* CalenderTests.swift */ = {isa = PBXFileReference; lastKnownFileType = sourcecode.swift; path = CalenderTests.swift; sourceTree = "<group>"; };
		D641B80322923FCC00709DF9 /* Info.plist */ = {isa = PBXFileReference; lastKnownFileType = text.plist.xml; path = Info.plist; sourceTree = "<group>"; };
		D641B80C2292497200709DF9 /* CalendarDateCell.swift */ = {isa = PBXFileReference; lastKnownFileType = sourcecode.swift; path = CalendarDateCell.swift; sourceTree = "<group>"; };
		D68FD07722928CA20078E4BE /* CalendarDisplay.swift */ = {isa = PBXFileReference; lastKnownFileType = sourcecode.swift; path = CalendarDisplay.swift; sourceTree = "<group>"; };
		D68FD0792292A8F30078E4BE /* TimeSectionViewController.swift */ = {isa = PBXFileReference; lastKnownFileType = sourcecode.swift; path = TimeSectionViewController.swift; sourceTree = "<group>"; };
		D68FD07B2293930A0078E4BE /* TimeSectionCell.swift */ = {isa = PBXFileReference; lastKnownFileType = sourcecode.swift; path = TimeSectionCell.swift; sourceTree = "<group>"; };
		D68FD07D229394070078E4BE /* extension.swift */ = {isa = PBXFileReference; lastKnownFileType = sourcecode.swift; path = extension.swift; sourceTree = "<group>"; };
/* End PBXFileReference section */

/* Begin PBXFrameworksBuildPhase section */
		D641B7E622923FCA00709DF9 /* Frameworks */ = {
			isa = PBXFrameworksBuildPhase;
			buildActionMask = 2147483647;
			files = (
			);
			runOnlyForDeploymentPostprocessing = 0;
		};
		D641B7FA22923FCC00709DF9 /* Frameworks */ = {
			isa = PBXFrameworksBuildPhase;
			buildActionMask = 2147483647;
			files = (
			);
			runOnlyForDeploymentPostprocessing = 0;
		};
/* End PBXFrameworksBuildPhase section */

/* Begin PBXGroup section */
		D641B7E022923FCA00709DF9 = {
			isa = PBXGroup;
			children = (
				D641B7EB22923FCA00709DF9 /* Calender */,
				D641B80022923FCC00709DF9 /* CalenderTests */,
				D641B7EA22923FCA00709DF9 /* Products */,
			);
			sourceTree = "<group>";
		};
		D641B7EA22923FCA00709DF9 /* Products */ = {
			isa = PBXGroup;
			children = (
				D641B7E922923FCA00709DF9 /* Calender.app */,
				D641B7FD22923FCC00709DF9 /* CalenderTests.xctest */,
			);
			name = Products;
			sourceTree = "<group>";
		};
		D641B7EB22923FCA00709DF9 /* Calender */ = {
			isa = PBXGroup;
			children = (
				D641B7EC22923FCA00709DF9 /* AppDelegate.swift */,
				D641B7EE22923FCA00709DF9 /* CalendarViewController.swift */,
				D641B7F022923FCA00709DF9 /* Main.storyboard */,
				D641B7F322923FCC00709DF9 /* Assets.xcassets */,
				D641B7F522923FCC00709DF9 /* LaunchScreen.storyboard */,
				D641B7F822923FCC00709DF9 /* Info.plist */,
				D641B80C2292497200709DF9 /* CalendarDateCell.swift */,
				D68FD07722928CA20078E4BE /* CalendarDisplay.swift */,
				D68FD0792292A8F30078E4BE /* TimeSectionViewController.swift */,
				D68FD07B2293930A0078E4BE /* TimeSectionCell.swift */,
				D68FD07D229394070078E4BE /* extension.swift */,
			);
			path = Calender;
			sourceTree = "<group>";
		};
		D641B80022923FCC00709DF9 /* CalenderTests */ = {
			isa = PBXGroup;
			children = (
				D641B80122923FCC00709DF9 /* CalenderTests.swift */,
				D641B80322923FCC00709DF9 /* Info.plist */,
			);
			path = CalenderTests;
			sourceTree = "<group>";
		};
/* End PBXGroup section */

/* Begin PBXNativeTarget section */
		D641B7E822923FCA00709DF9 /* Calender */ = {
			isa = PBXNativeTarget;
			buildConfigurationList = D641B80622923FCC00709DF9 /* Build configuration list for PBXNativeTarget "Calender" */;
			buildPhases = (
				D641B7E522923FCA00709DF9 /* Sources */,
				D641B7E622923FCA00709DF9 /* Frameworks */,
				D641B7E722923FCA00709DF9 /* Resources */,
			);
			buildRules = (
			);
			dependencies = (
			);
			name = Calender;
			productName = Calender;
			productReference = D641B7E922923FCA00709DF9 /* Calender.app */;
			productType = "com.apple.product-type.application";
		};
		D641B7FC22923FCC00709DF9 /* CalenderTests */ = {
			isa = PBXNativeTarget;
			buildConfigurationList = D641B80922923FCC00709DF9 /* Build configuration list for PBXNativeTarget "CalenderTests" */;
			buildPhases = (
				D641B7F922923FCC00709DF9 /* Sources */,
				D641B7FA22923FCC00709DF9 /* Frameworks */,
				D641B7FB22923FCC00709DF9 /* Resources */,
			);
			buildRules = (
			);
			dependencies = (
				D641B7FF22923FCC00709DF9 /* PBXTargetDependency */,
			);
			name = CalenderTests;
			productName = CalenderTests;
			productReference = D641B7FD22923FCC00709DF9 /* CalenderTests.xctest */;
			productType = "com.apple.product-type.bundle.unit-test";
		};
/* End PBXNativeTarget section */

/* Begin PBXProject section */
		D641B7E122923FCA00709DF9 /* Project object */ = {
			isa = PBXProject;
			attributes = {
				LastSwiftUpdateCheck = 1010;
				LastUpgradeCheck = 1010;
				ORGANIZATIONNAME = LPB;
				TargetAttributes = {
					D641B7E822923FCA00709DF9 = {
						CreatedOnToolsVersion = 10.1;
					};
					D641B7FC22923FCC00709DF9 = {
						CreatedOnToolsVersion = 10.1;
						TestTargetID = D641B7E822923FCA00709DF9;
					};
				};
			};
			buildConfigurationList = D641B7E422923FCA00709DF9 /* Build configuration list for PBXProject "Calender" */;
			compatibilityVersion = "Xcode 9.3";
			developmentRegion = en;
			hasScannedForEncodings = 0;
			knownRegions = (
				en,
				Base,
			);
			mainGroup = D641B7E022923FCA00709DF9;
			productRefGroup = D641B7EA22923FCA00709DF9 /* Products */;
			projectDirPath = "";
			projectRoot = "";
			targets = (
				D641B7E822923FCA00709DF9 /* Calender */,
				D641B7FC22923FCC00709DF9 /* CalenderTests */,
			);
		};
/* End PBXProject section */

/* Begin PBXResourcesBuildPhase section */
		D641B7E722923FCA00709DF9 /* Resources */ = {
			isa = PBXResourcesBuildPhase;
			buildActionMask = 2147483647;
			files = (
				D641B7F722923FCC00709DF9 /* LaunchScreen.storyboard in Resources */,
				D641B7F422923FCC00709DF9 /* Assets.xcassets in Resources */,
				D641B7F222923FCA00709DF9 /* Main.storyboard in Resources */,
			);
			runOnlyForDeploymentPostprocessing = 0;
		};
		D641B7FB22923FCC00709DF9 /* Resources */ = {
			isa = PBXResourcesBuildPhase;
			buildActionMask = 2147483647;
			files = (
			);
			runOnlyForDeploymentPostprocessing = 0;
		};
/* End PBXResourcesBuildPhase section */

/* Begin PBXSourcesBuildPhase section */
		D641B7E522923FCA00709DF9 /* Sources */ = {
			isa = PBXSourcesBuildPhase;
			buildActionMask = 2147483647;
			files = (
				D68FD07822928CA20078E4BE /* CalendarDisplay.swift in Sources */,
				D68FD07E229394070078E4BE /* extension.swift in Sources */,
				D68FD07A2292A8F30078E4BE /* TimeSectionViewController.swift in Sources */,
				D68FD07C2293930B0078E4BE /* TimeSectionCell.swift in Sources */,
				D641B80D2292497200709DF9 /* CalendarDateCell.swift in Sources */,
				D641B7EF22923FCA00709DF9 /* CalendarViewController.swift in Sources */,
				D641B7ED22923FCA00709DF9 /* AppDelegate.swift in Sources */,
			);
			runOnlyForDeploymentPostprocessing = 0;
		};
		D641B7F922923FCC00709DF9 /* Sources */ = {
			isa = PBXSourcesBuildPhase;
			buildActionMask = 2147483647;
			files = (
				D641B80222923FCC00709DF9 /* CalenderTests.swift in Sources */,
			);
			runOnlyForDeploymentPostprocessing = 0;
		};
/* End PBXSourcesBuildPhase section */

/* Begin PBXTargetDependency section */
		D641B7FF22923FCC00709DF9 /* PBXTargetDependency */ = {
			isa = PBXTargetDependency;
			target = D641B7E822923FCA00709DF9 /* Calender */;
			targetProxy = D641B7FE22923FCC00709DF9 /* PBXContainerItemProxy */;
		};
/* End PBXTargetDependency section */

/* Begin PBXVariantGroup section */
		D641B7F022923FCA00709DF9 /* Main.storyboard */ = {
			isa = PBXVariantGroup;
			children = (
				D641B7F122923FCA00709DF9 /* Base */,
			);
			name = Main.storyboard;
			sourceTree = "<group>";
		};
		D641B7F522923FCC00709DF9 /* LaunchScreen.storyboard */ = {
			isa = PBXVariantGroup;
			children = (
				D641B7F622923FCC00709DF9 /* Base */,
			);
			name = LaunchScreen.storyboard;
			sourceTree = "<group>";
		};
/* End PBXVariantGroup section */

/* Begin XCBuildConfiguration section */
		D641B80422923FCC00709DF9 /* Debug */ = {
			isa = XCBuildConfiguration;
			buildSettings = {
				ALWAYS_SEARCH_USER_PATHS = NO;
				CLANG_ANALYZER_NONNULL = YES;
				CLANG_ANALYZER_NUMBER_OBJECT_CONVERSION = YES_AGGRESSIVE;
				CLANG_CXX_LANGUAGE_STANDARD = "gnu++14";
				CLANG_CXX_LIBRARY = "libc++";
				CLANG_ENABLE_MODULES = YES;
				CLANG_ENABLE_OBJC_ARC = YES;
				CLANG_ENABLE_OBJC_WEAK = YES;
				CLANG_WARN_BLOCK_CAPTURE_AUTORELEASING = YES;
				CLANG_WARN_BOOL_CONVERSION = YES;
				CLANG_WARN_COMMA = YES;
				CLANG_WARN_CONSTANT_CONVERSION = YES;
				CLANG_WARN_DEPRECATED_OBJC_IMPLEMENTATIONS = YES;
				CLANG_WARN_DIRECT_OBJC_ISA_USAGE = YES_ERROR;
				CLANG_WARN_DOCUMENTATION_COMMENTS = YES;
				CLANG_WARN_EMPTY_BODY = YES;
				CLANG_WARN_ENUM_CONVERSION = YES;
				CLANG_WARN_INFINITE_RECURSION = YES;
				CLANG_WARN_INT_CONVERSION = YES;
				CLANG_WARN_NON_LITERAL_NULL_CONVERSION = YES;
				CLANG_WARN_OBJC_IMPLICIT_RETAIN_SELF = YES;
				CLANG_WARN_OBJC_LITERAL_CONVERSION = YES;
				CLANG_WARN_OBJC_ROOT_CLASS = YES_ERROR;
				CLANG_WARN_RANGE_LOOP_ANALYSIS = YES;
				CLANG_WARN_STRICT_PROTOTYPES = YES;
				CLANG_WARN_SUSPICIOUS_MOVE = YES;
				CLANG_WARN_UNGUARDED_AVAILABILITY = YES_AGGRESSIVE;
				CLANG_WARN_UNREACHABLE_CODE = YES;
				CLANG_WARN__DUPLICATE_METHOD_MATCH = YES;
				CODE_SIGN_IDENTITY = "iPhone Developer";
				COPY_PHASE_STRIP = NO;
				DEBUG_INFORMATION_FORMAT = dwarf;
				ENABLE_STRICT_OBJC_MSGSEND = YES;
				ENABLE_TESTABILITY = YES;
				GCC_C_LANGUAGE_STANDARD = gnu11;
				GCC_DYNAMIC_NO_PIC = NO;
				GCC_NO_COMMON_BLOCKS = YES;
				GCC_OPTIMIZATION_LEVEL = 0;
				GCC_PREPROCESSOR_DEFINITIONS = (
					"DEBUG=1",
					"$(inherited)",
				);
				GCC_WARN_64_TO_32_BIT_CONVERSION = YES;
				GCC_WARN_ABOUT_RETURN_TYPE = YES_ERROR;
				GCC_WARN_UNDECLARED_SELECTOR = YES;
				GCC_WARN_UNINITIALIZED_AUTOS = YES_AGGRESSIVE;
				GCC_WARN_UNUSED_FUNCTION = YES;
				GCC_WARN_UNUSED_VARIABLE = YES;
				IPHONEOS_DEPLOYMENT_TARGET = 12.1;
				MTL_ENABLE_DEBUG_INFO = INCLUDE_SOURCE;
				MTL_FAST_MATH = YES;
				ONLY_ACTIVE_ARCH = YES;
				SDKROOT = iphoneos;
				SWIFT_ACTIVE_COMPILATION_CONDITIONS = DEBUG;
				SWIFT_OPTIMIZATION_LEVEL = "-Onone";
			};
			name = Debug;
		};
		D641B80522923FCC00709DF9 /* Release */ = {
			isa = XCBuildConfiguration;
			buildSettings = {
				ALWAYS_SEARCH_USER_PATHS = NO;
				CLANG_ANALYZER_NONNULL = YES;
				CLANG_ANALYZER_NUMBER_OBJECT_CONVERSION = YES_AGGRESSIVE;
				CLANG_CXX_LANGUAGE_STANDARD = "gnu++14";
				CLANG_CXX_LIBRARY = "libc++";
				CLANG_ENABLE_MODULES = YES;
				CLANG_ENABLE_OBJC_ARC = YES;
				CLANG_ENABLE_OBJC_WEAK = YES;
				CLANG_WARN_BLOCK_CAPTURE_AUTORELEASING = YES;
				CLANG_WARN_BOOL_CONVERSION = YES;
				CLANG_WARN_COMMA = YES;
				CLANG_WARN_CONSTANT_CONVERSION = YES;
				CLANG_WARN_DEPRECATED_OBJC_IMPLEMENTATIONS = YES;
				CLANG_WARN_DIRECT_OBJC_ISA_USAGE = YES_ERROR;
				CLANG_WARN_DOCUMENTATION_COMMENTS = YES;
				CLANG_WARN_EMPTY_BODY = YES;
				CLANG_WARN_ENUM_CONVERSION = YES;
				CLANG_WARN_INFINITE_RECURSION = YES;
				CLANG_WARN_INT_CONVERSION = YES;
				CLANG_WARN_NON_LITERAL_NULL_CONVERSION = YES;
				CLANG_WARN_OBJC_IMPLICIT_RETAIN_SELF = YES;
				CLANG_WARN_OBJC_LITERAL_CONVERSION = YES;
				CLANG_WARN_OBJC_ROOT_CLASS = YES_ERROR;
				CLANG_WARN_RANGE_LOOP_ANALYSIS = YES;
				CLANG_WARN_STRICT_PROTOTYPES = YES;
				CLANG_WARN_SUSPICIOUS_MOVE = YES;
				CLANG_WARN_UNGUARDED_AVAILABILITY = YES_AGGRESSIVE;
				CLANG_WARN_UNREACHABLE_CODE = YES;
				CLANG_WARN__DUPLICATE_METHOD_MATCH = YES;
				CODE_SIGN_IDENTITY = "iPhone Developer";
				COPY_PHASE_STRIP = NO;
				DEBUG_INFORMATION_FORMAT = "dwarf-with-dsym";
				ENABLE_NS_ASSERTIONS = NO;
				ENABLE_STRICT_OBJC_MSGSEND = YES;
				GCC_C_LANGUAGE_STANDARD = gnu11;
				GCC_NO_COMMON_BLOCKS = YES;
				GCC_WARN_64_TO_32_BIT_CONVERSION = YES;
				GCC_WARN_ABOUT_RETURN_TYPE = YES_ERROR;
				GCC_WARN_UNDECLARED_SELECTOR = YES;
				GCC_WARN_UNINITIALIZED_AUTOS = YES_AGGRESSIVE;
				GCC_WARN_UNUSED_FUNCTION = YES;
				GCC_WARN_UNUSED_VARIABLE = YES;
				IPHONEOS_DEPLOYMENT_TARGET = 12.1;
				MTL_ENABLE_DEBUG_INFO = NO;
				MTL_FAST_MATH = YES;
				SDKROOT = iphoneos;
				SWIFT_COMPILATION_MODE = wholemodule;
				SWIFT_OPTIMIZATION_LEVEL = "-O";
				VALIDATE_PRODUCT = YES;
			};
			name = Release;
		};
		D641B80722923FCC00709DF9 /* Debug */ = {
			isa = XCBuildConfiguration;
			buildSettings = {
				ASSETCATALOG_COMPILER_APPICON_NAME = AppIcon;
				CODE_SIGN_STYLE = Automatic;
				DEVELOPMENT_TEAM = KN4N2EDL5U;
				INFOPLIST_FILE = Calender/Info.plist;
				IPHONEOS_DEPLOYMENT_TARGET = 12.0;
				LD_RUNPATH_SEARCH_PATHS = (
					"$(inherited)",
					"@executable_path/Frameworks",
				);
				PRODUCT_BUNDLE_IDENTIFIER = LPB.Calender;
				PRODUCT_NAME = "$(TARGET_NAME)";
				SWIFT_VERSION = 4.2;
				TARGETED_DEVICE_FAMILY = "1,2";
			};
			name = Debug;
		};
		D641B80822923FCC00709DF9 /* Release */ = {
			isa = XCBuildConfiguration;
			buildSettings = {
				ASSETCATALOG_COMPILER_APPICON_NAME = AppIcon;
				CODE_SIGN_STYLE = Automatic;
				DEVELOPMENT_TEAM = KN4N2EDL5U;
				INFOPLIST_FILE = Calender/Info.plist;
				IPHONEOS_DEPLOYMENT_TARGET = 12.0;
				LD_RUNPATH_SEARCH_PATHS = (
					"$(inherited)",
					"@executable_path/Frameworks",
				);
				PRODUCT_BUNDLE_IDENTIFIER = LPB.Calender;
				PRODUCT_NAME = "$(TARGET_NAME)";
				SWIFT_VERSION = 4.2;
				TARGETED_DEVICE_FAMILY = "1,2";
			};
			name = Release;
		};
		D641B80A22923FCC00709DF9 /* Debug */ = {
			isa = XCBuildConfiguration;
			buildSettings = {
				ALWAYS_EMBED_SWIFT_STANDARD_LIBRARIES = YES;
				BUNDLE_LOADER = "$(TEST_HOST)";
				CODE_SIGN_STYLE = Automatic;
				DEVELOPMENT_TEAM = KN4N2EDL5U;
				INFOPLIST_FILE = CalenderTests/Info.plist;
				LD_RUNPATH_SEARCH_PATHS = (
					"$(inherited)",
					"@executable_path/Frameworks",
					"@loader_path/Frameworks",
				);
				PRODUCT_BUNDLE_IDENTIFIER = LPB.CalenderTests;
				PRODUCT_NAME = "$(TARGET_NAME)";
				SWIFT_VERSION = 4.2;
				TARGETED_DEVICE_FAMILY = "1,2";
				TEST_HOST = "$(BUILT_PRODUCTS_DIR)/Calender.app/Calender";
			};
			name = Debug;
		};
		D641B80B22923FCC00709DF9 /* Release */ = {
			isa = XCBuildConfiguration;
			buildSettings = {
				ALWAYS_EMBED_SWIFT_STANDARD_LIBRARIES = YES;
				BUNDLE_LOADER = "$(TEST_HOST)";
				CODE_SIGN_STYLE = Automatic;
				DEVELOPMENT_TEAM = KN4N2EDL5U;
				INFOPLIST_FILE = CalenderTests/Info.plist;
				LD_RUNPATH_SEARCH_PATHS = (
					"$(inherited)",
					"@executable_path/Frameworks",
					"@loader_path/Frameworks",
				);
				PRODUCT_BUNDLE_IDENTIFIER = LPB.CalenderTests;
				PRODUCT_NAME = "$(TARGET_NAME)";
				SWIFT_VERSION = 4.2;
				TARGETED_DEVICE_FAMILY = "1,2";
				TEST_HOST = "$(BUILT_PRODUCTS_DIR)/Calender.app/Calender";
			};
			name = Release;
		};
/* End XCBuildConfiguration section */

/* Begin XCConfigurationList section */
		D641B7E422923FCA00709DF9 /* Build configuration list for PBXProject "Calender" */ = {
			isa = XCConfigurationList;
			buildConfigurations = (
				D641B80422923FCC00709DF9 /* Debug */,
				D641B80522923FCC00709DF9 /* Release */,
			);
			defaultConfigurationIsVisible = 0;
			defaultConfigurationName = Release;
		};
		D641B80622923FCC00709DF9 /* Build configuration list for PBXNativeTarget "Calender" */ = {
			isa = XCConfigurationList;
			buildConfigurations = (
				D641B80722923FCC00709DF9 /* Debug */,
				D641B80822923FCC00709DF9 /* Release */,
			);
			defaultConfigurationIsVisible = 0;
			defaultConfigurationName = Release;
		};
		D641B80922923FCC00709DF9 /* Build configuration list for PBXNativeTarget "CalenderTests" */ = {
			isa = XCConfigurationList;
			buildConfigurations = (
				D641B80A22923FCC00709DF9 /* Debug */,
				D641B80B22923FCC00709DF9 /* Release */,
			);
			defaultConfigurationIsVisible = 0;
			defaultConfigurationName = Release;
		};
/* End XCConfigurationList section */
	};
	rootObject = D641B7E122923FCA00709DF9 /* Project object */;
}
